lockfileVersion: '9.0'

settings:
  autoInstallPeers: true
  excludeLinksFromLockfile: false

importers:

  .:
    dependencies:
      '@playwright/mcp':
        specifier: 0.0.73
        version: 0.0.73

packages:

  '@playwright/mcp@0.0.73':
    resolution: {integrity: sha512-2hq+nPq8esA3mi3bjEpBH5A3LkVqnSCJXw7NO2N7frJTzKsu8qdTQyvPl1jk83rPuIY6ALCdEBI60tdTODeNEA==}
    engines: {node: '>=18'}
    hasBin: true

  fsevents@2.3.2:
    resolution: {integrity: sha512-xiqMQR4xAeHTuB9uWm+fFRcIOgKBMiOBP+eXiyT7jsgVCq1bkVygt00oASowB7EdtpOHaaPgKt812P9ab+DDKA==}
    engines: {node: ^8.16.0 || ^10.6.0 || >=11.0.0}
    os: [darwin]

  playwright-core@1.60.0-alpha-1777669338000:
    resolution: {integrity: sha512-CbBF+YtjGGK2mWKdH6iiSNIB9v9Sq8owcUrTy1cw6FgMZavspM6ZSpidQQgQXz/1scQFrM110jrtJqTYwnjbeA==}
    engines: {node: '>=18'}
    hasBin: true

  playwright@1.60.0-alpha-1777669338000:
    resolution: {integrity: sha512-r5G2ZvpIJZHj53GKmUfoQiXHix5bjeObqysV4flfmFNykTjebI9bwdRBuW37pOQP25yjbArkxlsnT5APaWT8zg==}
    engines: {node: '>=18'}
    hasBin: true

snapshots:

  '@playwright/mcp@0.0.73':
    dependencies:
      playwright: 1.60.0-alpha-1777669338000
      playwright-core: 1.60.0-alpha-1777669338000

  fsevents@2.3.2:
    optional: true

  playwright-core@1.60.0-alpha-1777669338000: {}

  playwright@1.60.0-alpha-1777669338000:
    dependencies:
      playwright-core: 1.60.0-alpha-1777669338000
    optionalDependencies:
      fsevents: 2.3.2
